Microsoft Visual Studio Solution File, Format Version 12.00
# Visual Studio 2019Project("{{64FFBE60-C56A-4F53-85EF-829D7A32391C}}") = "Cosmic_key_OS", "Cosmic_key_OS.csproj", "{64FFBE60-C56A-4F53-85EF-829D7A32391C}"
EndProject
Project("{{64FFBE60-C56A-4F53-85EF-829D7A32391E}}") = "Cosmic_key_OSEventsVB", "Cosmic_key_OSEventsVB.vbproj", "{64FFBE60-C56A-4F53-85EF-829D7A32391E}"
	ProjectSection(ProjectDependencies) = postProject
		{64FFBE60-C56A-4F53-85EF-829D7A32391C} = {64FFBE60-C56A-4F53-85EF-829D7A32391C}
	EndProjectSection
EndProject